
Microsoft Visual Studio Solution File, Format Version 12.00
Project("{FAE04EC0-301F-11D3-BF4B-00C04F79EFBC}") = "Proyecto", "Proyecto\Proyecto.csproj", "{C4B591F6-78DF-4662-A074-D5B3F913FABF}"
EndProject
Global
	GlobalSection(SolutionConfigurationPlatforms) = preSolution
		Debug|Any CPU = Debug|Any CPU
		Release|Any CPU = Release|Any CPU
	EndGlobalSection
	GlobalSection(ProjectConfigurationPlatforms) = postSolution
		{C4B591F6-78DF-4662-A074-D5B3F913FABF}.Debug|Any CPU.ActiveCfg = Debug|Any CPU
		{C4B591F6-78DF-4662-A074-D5B3F913FABF}.Debug|Any CPU.Build.0 = Debug|Any CPU
		{C4B591F6-78DF-4662-A074-D5B3F913FABF}.Release|Any CPU.ActiveCfg = Release|Any CPU
		{C4B591F6-78DF-4662-A074-D5B3F913FABF}.Release|Any CPU.Build.0 = Release|Any CPU
	EndGlobalSection
EndGlobal
